
Microsoft Visual Studio Solution File, Format Version 12.00
# Visual Studio Version 17
VisualStudioVersion = 17.3.32929.385
MinimumVisualStudioVersion = 10.0.40219.1
Project("{FAE04EC0-301F-11D3-BF4B-00C04F79EFBC}") = "Telephony.EwsdParser", "Telephony.EwsdParser\Telephony.EwsdParser.csproj", "{8752AA6B-02C3-4BCA-B833-CDFB89D050CD}"
EndProject
Project("{FAE04EC0-301F-11D3-BF4B-00C04F79EFBC}") = "Telephony.EwsdParser.Tests", "Telephony.EwsdParser.Tests\Telephony.EwsdParser.Tests.csproj", "{0DCC6453-F54C-4ED5-A4AF-4A93A3F4E65F}"
EndProject
Project("{FAE04EC0-301F-11D3-BF4B-00C04F79EFBC}") = "Telephony.EwsdModel", "Telephony.EwsdModel\Telephony.EwsdModel.csproj", "{E8373910-4701-4E42-AA4B-09BE062F70C6}"
EndProject
Global
	GlobalSection(SolutionConfigurationPlatforms) = preSolution
		Debug|Any CPU = Debug|Any CPU
		Release|Any CPU = Release|Any CPU
	EndGlobalSection
	GlobalSection(ProjectConfigurationPlatforms) = postSolution
		{8752AA6B-02C3-4BCA-B833-CDFB89D050CD}.Debug|Any CPU.ActiveCfg = Debug|Any CPU
		{8752AA6B-02C3-4BCA-B833-CDFB89D050CD}.Debug|Any CPU.Build.0 = Debug|Any CPU
		{8752AA6B-02C3-4BCA-B833-CDFB89D050CD}.Release|Any CPU.ActiveCfg = Release|Any CPU
		{8752AA6B-02C3-4BCA-B833-CDFB89D050CD}.Release|Any CPU.Build.0 = Release|Any CPU
		{0DCC6453-F54C-4ED5-A4AF-4A93A3F4E65F}.Debug|Any CPU.ActiveCfg = Debug|Any CPU
		{0DCC6453-F54C-4ED5-A4AF-4A93A3F4E65F}.Debug|Any CPU.Build.0 = Debug|Any CPU
		{0DCC6453-F54C-4ED5-A4AF-4A93A3F4E65F}.Release|Any CPU.ActiveCfg = Release|Any CPU
		{0DCC6453-F54C-4ED5-A4AF-4A93A3F4E65F}.Release|Any CPU.Build.0 = Release|Any CPU
		{E8373910-4701-4E42-AA4B-09BE062F70C6}.Debug|Any CPU.ActiveCfg = Debug|Any CPU
		{E8373910-4701-4E42-AA4B-09BE062F70C6}.Debug|Any CPU.Build.0 = Debug|Any CPU
		{E8373910-4701-4E42-AA4B-09BE062F70C6}.Release|Any CPU.ActiveCfg = Release|Any CPU
		{E8373910-4701-4E42-AA4B-09BE062F70C6}.Release|Any CPU.Build.0 = Release|Any CPU
	EndGlobalSection
	GlobalSection(SolutionProperties) = preSolution
		HideSolutionNode = FALSE
	EndGlobalSection
	GlobalSection(ExtensibilityGlobals) = postSolution
		SolutionGuid = {86A6A360-D1ED-4D3B-998B-0F295BD7995D}
	EndGlobalSection
EndGlobal
